// !$*UTF8*$!
{
	archiveVersion = 1;
	classes = {
	};
	objectVersion = 46;
	objects = {

/* Begin PBXBuildFile section */
		3E1696A01D422EAB00645C2D /* AppDelegate.m in Sources */ = {isa = PBXBuildFile; fileRef = 3E1696991D422EAB00645C2D /* AppDelegate.m */; };
		3E1696A11D422EAB00645C2D /* DownloadProgressDemo.m in Sources */ = {isa = PBXBuildFile; fileRef = 3E16969D1D422EAB00645C2D /* DownloadProgressDemo.m */; };
		3E1696A61D422EDC00645C2D /* XYLTableViewController.m in Sources */ = {isa = PBXBuildFile; fileRef = 3E1696A51D422EDC00645C2D /* XYLTableViewController.m */; };
		3E1696A91D422F2100645C2D /* DownloadProgressView.m in Sources */ = {isa = PBXBuildFile; fileRef = 3E1696A81D422F2100645C2D /* DownloadProgressView.m */; };
		3E1696AD1D4239FF00645C2D /* ImageViewChangePicture.m in Sources */ = {isa = PBXBuildFile; fileRef = 3E1696AC1D4239FF00645C2D /* ImageViewChangePicture.m */; };
		3E1696B01D423AEC00645C2D /* IMG_2.jpg in Resources */ = {isa = PBXBuildFile; fileRef = 3E1696AE1D423AEC00645C2D /* IMG_2.jpg */; };
		3E1696B11D423AEC00645C2D /* IMG_1.jpg in Resources */ = {isa = PBXBuildFile; fileRef = 3E1696AF1D423AEC00645C2D /* IMG_1.jpg */; };
		3E36341B1D43326500B229A6 /* MaskLayer.m in Sources */ = {isa = PBXBuildFile; fileRef = 3E36341A1D43326500B229A6 /* MaskLayer.m */; };
		3E36341E1D4334FA00B229A6 /* mask.png in Resources */ = {isa = PBXBuildFile; fileRef = 3E36341C1D4334FA00B229A6 /* mask.png */; };
		3E36341F1D4334FA00B229A6 /* image.jpg in Resources */ = {isa = PBXBuildFile; fileRef = 3E36341D1D4334FA00B229A6 /* image.jpg */; };
		3E36342B1D43450200B229A6 /* BezierPath.m in Sources */ = {isa = PBXBuildFile; fileRef = 3E36342A1D43450200B229A6 /* BezierPath.m */; };
		3E36342F1D43453F00B229A6 /* CircleAnimation.m in Sources */ = {isa = PBXBuildFile; fileRef = 3E36342E1D43453F00B229A6 /* CircleAnimation.m */; };
		3E3634331D434C2C00B229A6 /* CircleProgressDemo.m in Sources */ = {isa = PBXBuildFile; fileRef = 3E3634321D434C2C00B229A6 /* CircleProgressDemo.m */; };
		3E3634361D434C3D00B229A6 /* CircleView.m in Sources */ = {isa = PBXBuildFile; fileRef = 3E3634351D434C3D00B229A6 /* CircleView.m */; };
		3E36343A1D435FF900B229A6 /* ColorImageViewController.m in Sources */ = {isa = PBXBuildFile; fileRef = 3E3634391D435FF900B229A6 /* ColorImageViewController.m */; };
		3E36343E1D4363A500B229A6 /* GradientImage.m in Sources */ = {isa = PBXBuildFile; fileRef = 3E36343D1D4363A500B229A6 /* GradientImage.m */; };
		3E537C7F1D42109C00480FCB /* main.m in Sources */ = {isa = PBXBuildFile; fileRef = 3E537C7E1D42109C00480FCB /* main.m */; };
		3E537C8A1D42109D00480FCB /* Assets.xcassets in Resources */ = {isa = PBXBuildFile; fileRef = 3E537C891D42109D00480FCB /* Assets.xcassets */; };
		3E537C8D1D42109D00480FCB /* LaunchScreen.storyboard in Resources */ = {isa = PBXBuildFile; fileRef = 3E537C8B1D42109D00480FCB /* LaunchScreen.storyboard */; };
/* End PBXBuildFile section */

/* Begin PBXFileReference section */
		3E1696981D422EAB00645C2D /* AppDelegate.h */ = {isa = PBXFileReference; fileEncoding = 4; lastKnownFileType = sourcecode.c.h; path = AppDelegate.h; sourceTree = "<group>"; };
		3E1696991D422EAB00645C2D /* AppDelegate.m */ = {isa = PBXFileReference; fileEncoding = 4; lastKnownFileType = sourcecode.c.objc; path = AppDelegate.m; sourceTree = "<group>"; };
		3E16969C1D422EAB00645C2D /* DownloadProgressDemo.h */ = {isa = PBXFileReference; fileEncoding = 4; lastKnownFileType = sourcecode.c.h; path = DownloadProgressDemo.h; sourceTree = "<group>"; };
		3E16969D1D422EAB00645C2D /* DownloadProgressDemo.m */ = {isa = PBXFileReference; fileEncoding = 4; lastKnownFileType = sourcecode.c.objc; path = DownloadProgressDemo.m; sourceTree = "<group>"; };
		3E1696A41D422EDC00645C2D /* XYLTableViewController.h */ = {isa = PBXFileReference; fileEncoding = 4; lastKnownFileType = sourcecode.c.h; path = XYLTableViewController.h; sourceTree = "<group>"; };
		3E1696A51D422EDC00645C2D /* XYLTableViewController.m */ = {isa = PBXFileReference; fileEncoding = 4; lastKnownFileType = sourcecode.c.objc; path = XYLTableViewController.m; sourceTree = "<group>"; };
		3E1696A71D422F2100645C2D /* DownloadProgressView.h */ = {isa = PBXFileReference; fileEncoding = 4; lastKnownFileType = sourcecode.c.h; path = DownloadProgressView.h; sourceTree = "<group>"; };
		3E1696A81D422F2100645C2D /* DownloadProgressView.m */ = {isa = PBXFileReference; fileEncoding = 4; lastKnownFileType = sourcecode.c.objc; path = DownloadProgressView.m; sourceTree = "<group>"; };
		3E1696AB1D4239FF00645C2D /* ImageViewChangePicture.h */ = {isa = PBXFileReference; fileEncoding = 4; lastKnownFileType = sourcecode.c.h; path = ImageViewChangePicture.h; sourceTree = "<group>"; };
		3E1696AC1D4239FF00645C2D /* ImageViewChangePicture.m */ = {isa = PBXFileReference; fileEncoding = 4; lastKnownFileType = sourcecode.c.objc; path = ImageViewChangePicture.m; sourceTree = "<group>"; };
		3E1696AE1D423AEC00645C2D /* IMG_2.jpg */ = {isa = PBXFileReference; lastKnownFileType = image.jpeg; path = IMG_2.jpg; sourceTree = "<group>"; };
		3E1696AF1D423AEC00645C2D /* IMG_1.jpg */ = {isa = PBXFileReference; lastKnownFileType = image.jpeg; path = IMG_1.jpg; sourceTree = "<group>"; };
		3E3634191D43326500B229A6 /* MaskLayer.h */ = {isa = PBXFileReference; fileEncoding = 4; lastKnownFileType = sourcecode.c.h; path = MaskLayer.h; sourceTree = "<group>"; };
		3E36341A1D43326500B229A6 /* MaskLayer.m */ = {isa = PBXFileReference; fileEncoding = 4; lastKnownFileType = sourcecode.c.objc; path = MaskLayer.m; sourceTree = "<group>"; };
		3E36341C1D4334FA00B229A6 /* mask.png */ = {isa = PBXFileReference; lastKnownFileType = image.png; path = mask.png; sourceTree = "<group>"; };
		3E36341D1D4334FA00B229A6 /* image.jpg */ = {isa = PBXFileReference; lastKnownFileType = image.jpeg; path = image.jpg; sourceTree = "<group>"; };
		3E3634291D43450200B229A6 /* BezierPath.h */ = {isa = PBXFileReference; fileEncoding = 4; lastKnownFileType = sourcecode.c.h; path = BezierPath.h; sourceTree = "<group>"; };
		3E36342A1D43450200B229A6 /* BezierPath.m */ = {isa = PBXFileReference; fileEncoding = 4; lastKnownFileType = sourcecode.c.objc; path = BezierPath.m; sourceTree = "<group>"; };
		3E36342D1D43453F00B229A6 /* CircleAnimation.h */ = {isa = PBXFileReference; fileEncoding = 4; lastKnownFileType = sourcecode.c.h; path = CircleAnimation.h; sourceTree = "<group>"; };
		3E36342E1D43453F00B229A6 /* CircleAnimation.m */ = {isa = PBXFileReference; fileEncoding = 4; lastKnownFileType = sourcecode.c.objc; path = CircleAnimation.m; sourceTree = "<group>"; };
		3E3634311D434C2C00B229A6 /* CircleProgressDemo.h */ = {isa = PBXFileReference; fileEncoding = 4; lastKnownFileType = sourcecode.c.h; path = CircleProgressDemo.h; sourceTree = "<group>"; };
		3E3634321D434C2C00B229A6 /* CircleProgressDemo.m */ = {isa = PBXFileReference; fileEncoding = 4; lastKnownFileType = sourcecode.c.objc; path = CircleProgressDemo.m; sourceTree = "<group>"; };
		3E3634341D434C3D00B229A6 /* CircleView.h */ = {isa = PBXFileReference; fileEncoding = 4; lastKnownFileType = sourcecode.c.h; path = CircleView.h; sourceTree = "<group>"; };
		3E3634351D434C3D00B229A6 /* CircleView.m */ = {isa = PBXFileReference; fileEncoding = 4; lastKnownFileType = sourcecode.c.objc; path = CircleView.m; sourceTree = "<group>"; };
		3E3634381D435FF900B229A6 /* ColorImageViewController.h */ = {isa = PBXFileReference; fileEncoding = 4; lastKnownFileType = sourcecode.c.h; path = ColorImageViewController.h; sourceTree = "<group>"; };
		3E3634391D435FF900B229A6 /* ColorImageViewController.m */ = {isa = PBXFileReference; fileEncoding = 4; lastKnownFileType = sourcecode.c.objc; path = ColorImageViewController.m; sourceTree = "<group>"; };
		3E36343C1D4363A500B229A6 /* GradientImage.h */ = {isa = PBXFileReference; fileEncoding = 4; lastKnownFileType = sourcecode.c.h; path = GradientImage.h; sourceTree = "<group>"; };
		3E36343D1D4363A500B229A6 /* GradientImage.m */ = {isa = PBXFileReference; fileEncoding = 4; lastKnownFileType = sourcecode.c.objc; path = GradientImage.m; sourceTree = "<group>"; };
		3E537C7A1D42109C00480FCB /* Demo大合集.app */ = {isa = PBXFileReference; explicitFileType = wrapper.application; includeInIndex = 0; path = "Demo大合集.app"; sourceTree = BUILT_PRODUCTS_DIR; };
		3E537C7E1D42109C00480FCB /* main.m */ = {isa = PBXFileReference; lastKnownFileType = sourcecode.c.objc; path = main.m; sourceTree = "<group>"; };
		3E537C891D42109D00480FCB /* Assets.xcassets */ = {isa = PBXFileReference; lastKnownFileType = folder.assetcatalog; path = Assets.xcassets; sourceTree = "<group>"; };
		3E537C8C1D42109D00480FCB /* Base */ = {isa = PBXFileReference; lastKnownFileType = file.storyboard; name = Base; path = Base.lproj/LaunchScreen.storyboard; sourceTree = "<group>"; };
		3E537C8E1D42109D00480FCB /* Info.plist */ = {isa = PBXFileReference; lastKnownFileType = text.plist.xml; path = Info.plist; sourceTree = "<group>"; };
/* End PBXFileReference section */

/* Begin PBXFrameworksBuildPhase section */
		3E537C771D42109C00480FCB /* Frameworks */ = {
			isa = PBXFrameworksBuildPhase;
			buildActionMask = 2147483647;
			files = (
			);
			runOnlyForDeploymentPostprocessing = 0;
		};
/* End PBXFrameworksBuildPhase section */

/* Begin PBXGroup section */
		3E1696961D422EAB00645C2D /* Class */ = {
			isa = PBXGroup;
			children = (
				3E1696A31D422EDC00645C2D /* BaseController */,
				3E1696971D422EAB00645C2D /* AppDelegate */,
				3E16969A1D422EAB00645C2D /* SubClass */,
			);
			path = Class;
			sourceTree = "<group>";
		};
		3E1696971D422EAB00645C2D /* AppDelegate */ = {
			isa = PBXGroup;
			children = (
				3E1696981D422EAB00645C2D /* AppDelegate.h */,
				3E1696991D422EAB00645C2D /* AppDelegate.m */,
			);
			path = AppDelegate;
			sourceTree = "<group>";
		};
		3E16969A1D422EAB00645C2D /* SubClass */ = {
			isa = PBXGroup;
			children = (
				3E36343B1D43637300B229A6 /* CAGradientLayer渐变切换图片 */,
				3E3634371D435FD600B229A6 /* CAGradientLayer色差动画 */,
				3E3634301D434C0600B229A6 /* 圆形进度条 */,
				3E36342C1D43453F00B229A6 /* CAShapeLayer圆形动画 */,
				3E3634281D43450200B229A6 /* 贝塞尔曲线与CAShapeLayer */,
				3E16969B1D422EAB00645C2D /* 下载进度条 */,
				3E1696AA1D4239A200645C2D /* ImageView淡入淡出切换图片 */,
				3E3634181D43322400B229A6 /* CALayer遮罩效果 */,
			);
			path = SubClass;
			sourceTree = "<group>";
		};
		3E16969B1D422EAB00645C2D /* 下载进度条 */ = {
			isa = PBXGroup;
			children = (
				3E16969C1D422EAB00645C2D /* DownloadProgressDemo.h */,
				3E16969D1D422EAB00645C2D /* DownloadProgressDemo.m */,
				3E1696A71D422F2100645C2D /* DownloadProgressView.h */,
				3E1696A81D422F2100645C2D /* DownloadProgressView.m */,
			);
			path = "下载进度条";
			sourceTree = "<group>";
		};
		3E1696A31D422EDC00645C2D /* BaseController */ = {
			isa = PBXGroup;
			children = (
				3E1696A41D422EDC00645C2D /* XYLTableViewController.h */,
				3E1696A51D422EDC00645C2D /* XYLTableViewController.m */,
			);
			path = BaseController;
			sourceTree = "<group>";
		};
		3E1696AA1D4239A200645C2D /* ImageView淡入淡出切换图片 */ = {
			isa = PBXGroup;
			children = (
				3E1696AB1D4239FF00645C2D /* ImageViewChangePicture.h */,
				3E1696AC1D4239FF00645C2D /* ImageViewChangePicture.m */,
				3E1696AE1D423AEC00645C2D /* IMG_2.jpg */,
				3E1696AF1D423AEC00645C2D /* IMG_1.jpg */,
			);
			path = "ImageView淡入淡出切换图片";
			sourceTree = "<group>";
		};
		3E3634181D43322400B229A6 /* CALayer遮罩效果 */ = {
			isa = PBXGroup;
			children = (
				3E36341C1D4334FA00B229A6 /* mask.png */,
				3E36341D1D4334FA00B229A6 /* image.jpg */,
				3E3634191D43326500B229A6 /* MaskLayer.h */,
				3E36341A1D43326500B229A6 /* MaskLayer.m */,
			);
			path = "CALayer遮罩效果";
			sourceTree = "<group>";
		};
		3E3634281D43450200B229A6 /* 贝塞尔曲线与CAShapeLayer */ = {
			isa = PBXGroup;
			children = (
				3E3634291D43450200B229A6 /* BezierPath.h */,
				3E36342A1D43450200B229A6 /* BezierPath.m */,
			);
			path = "贝塞尔曲线与CAShapeLayer";
			sourceTree = "<group>";
		};
		3E36342C1D43453F00B229A6 /* CAShapeLayer圆形动画 */ = {
			isa = PBXGroup;
			children = (
				3E36342D1D43453F00B229A6 /* CircleAnimation.h */,
				3E36342E1D43453F00B229A6 /* CircleAnimation.m */,
			);
			path = "CAShapeLayer圆形动画";
			sourceTree = "<group>";
		};
		3E3634301D434C0600B229A6 /* 圆形进度条 */ = {
			isa = PBXGroup;
			children = (
				3E3634311D434C2C00B229A6 /* CircleProgressDemo.h */,
				3E3634321D434C2C00B229A6 /* CircleProgressDemo.m */,
				3E3634341D434C3D00B229A6 /* CircleView.h */,
				3E3634351D434C3D00B229A6 /* CircleView.m */,
			);
			path = "圆形进度条";
			sourceTree = "<group>";
		};
		3E3634371D435FD600B229A6 /* CAGradientLayer色差动画 */ = {
			isa = PBXGroup;
			children = (
				3E3634381D435FF900B229A6 /* ColorImageViewController.h */,
				3E3634391D435FF900B229A6 /* ColorImageViewController.m */,
			);
			path = "CAGradientLayer色差动画";
			sourceTree = "<group>";
		};
		3E36343B1D43637300B229A6 /* CAGradientLayer渐变切换图片 */ = {
			isa = PBXGroup;
			children = (
				3E36343C1D4363A500B229A6 /* GradientImage.h */,
				3E36343D1D4363A500B229A6 /* GradientImage.m */,
			);
			path = "CAGradientLayer渐变切换图片";
			sourceTree = "<group>";
		};
		3E537C711D42109C00480FCB = {
			isa = PBXGroup;
			children = (
				3E537C7C1D42109C00480FCB /* Demo大合集 */,
				3E537C7B1D42109C00480FCB /* Products */,
			);
			sourceTree = "<group>";
		};
		3E537C7B1D42109C00480FCB /* Products */ = {
			isa = PBXGroup;
			children = (
				3E537C7A1D42109C00480FCB /* Demo大合集.app */,
			);
			name = Products;
			sourceTree = "<group>";
		};
		3E537C7C1D42109C00480FCB /* Demo大合集 */ = {
			isa = PBXGroup;
			children = (
				3E1696961D422EAB00645C2D /* Class */,
				3E537C891D42109D00480FCB /* Assets.xcassets */,
				3E537C8B1D42109D00480FCB /* LaunchScreen.storyboard */,
				3E537C8E1D42109D00480FCB /* Info.plist */,
				3E537C7D1D42109C00480FCB /* Supporting Files */,
			);
			path = "Demo大合集";
			sourceTree = "<group>";
		};
		3E537C7D1D42109C00480FCB /* Supporting Files */ = {
			isa = PBXGroup;
			children = (
				3E537C7E1D42109C00480FCB /* main.m */,
			);
			name = "Supporting Files";
			sourceTree = "<group>";
		};
/* End PBXGroup section */

/* Begin PBXNativeTarget section */
		3E537C791D42109C00480FCB /* Demo大合集 */ = {
			isa = PBXNativeTarget;
			buildConfigurationList = 3E537C911D42109D00480FCB /* Build configuration list for PBXNativeTarget "Demo大合集" */;
			buildPhases = (
				3E537C761D42109C00480FCB /* Sources */,
				3E537C771D42109C00480FCB /* Frameworks */,
				3E537C781D42109C00480FCB /* Resources */,
			);
			buildRules = (
			);
			dependencies = (
			);
			name = "Demo大合集";
			productName = "Demo大合集";
			productReference = 3E537C7A1D42109C00480FCB /* Demo大合集.app */;
			productType = "com.apple.product-type.application";
		};
/* End PBXNativeTarget section */

/* Begin PBXProject section */
		3E537C721D42109C00480FCB /* Project object */ = {
			isa = PBXProject;
			attributes = {
				LastUpgradeCheck = 0730;
				ORGANIZATIONNAME = Lin;
				TargetAttributes = {
					3E537C791D42109C00480FCB = {
						CreatedOnToolsVersion = 7.3.1;
						DevelopmentTeam = 9Q6R4K4XWD;
					};
				};
			};
			buildConfigurationList = 3E537C751D42109C00480FCB /* Build configuration list for PBXProject "Demo大合集" */;
			compatibilityVersion = "Xcode 3.2";
			developmentRegion = English;
			hasScannedForEncodings = 0;
			knownRegions = (
				en,
				Base,
			);
			mainGroup = 3E537C711D42109C00480FCB;
			productRefGroup = 3E537C7B1D42109C00480FCB /* Products */;
			projectDirPath = "";
			projectRoot = "";
			targets = (
				3E537C791D42109C00480FCB /* Demo大合集 */,
			);
		};
/* End PBXProject section */

/* Begin PBXResourcesBuildPhase section */
		3E537C781D42109C00480FCB /* Resources */ = {
			isa = PBXResourcesBuildPhase;
			buildActionMask = 2147483647;
			files = (
				3E537C8D1D42109D00480FCB /* LaunchScreen.storyboard in Resources */,
				3E36341E1D4334FA00B229A6 /* mask.png in Resources */,
				3E1696B11D423AEC00645C2D /* IMG_1.jpg in Resources */,
				3E1696B01D423AEC00645C2D /* IMG_2.jpg in Resources */,
				3E537C8A1D42109D00480FCB /* Assets.xcassets in Resources */,
				3E36341F1D4334FA00B229A6 /* image.jpg in Resources */,
			);
			runOnlyForDeploymentPostprocessing = 0;
		};
/* End PBXResourcesBuildPhase section */

/* Begin PBXSourcesBuildPhase section */
		3E537C761D42109C00480FCB /* Sources */ = {
			isa = PBXSourcesBuildPhase;
			buildActionMask = 2147483647;
			files = (
				3E36341B1D43326500B229A6 /* MaskLayer.m in Sources */,
				3E1696A11D422EAB00645C2D /* DownloadProgressDemo.m in Sources */,
				3E1696A01D422EAB00645C2D /* AppDelegate.m in Sources */,
				3E537C7F1D42109C00480FCB /* main.m in Sources */,
				3E1696AD1D4239FF00645C2D /* ImageViewChangePicture.m in Sources */,
				3E36342F1D43453F00B229A6 /* CircleAnimation.m in Sources */,
				3E3634361D434C3D00B229A6 /* CircleView.m in Sources */,
				3E36342B1D43450200B229A6 /* BezierPath.m in Sources */,
				3E1696A61D422EDC00645C2D /* XYLTableViewController.m in Sources */,
				3E36343E1D4363A500B229A6 /* GradientImage.m in Sources */,
				3E1696A91D422F2100645C2D /* DownloadProgressView.m in Sources */,
				3E36343A1D435FF900B229A6 /* ColorImageViewController.m in Sources */,
				3E3634331D434C2C00B229A6 /* CircleProgressDemo.m in Sources */,
			);
			runOnlyForDeploymentPostprocessing = 0;
		};
/* End PBXSourcesBuildPhase section */

/* Begin PBXVariantGroup section */
		3E537C8B1D42109D00480FCB /* LaunchScreen.storyboard */ = {
			isa = PBXVariantGroup;
			children = (
				3E537C8C1D42109D00480FCB /* Base */,
			);
			name = LaunchScreen.storyboard;
			sourceTree = "<group>";
		};
/* End PBXVariantGroup section */

/* Begin XCBuildConfiguration section */
		3E537C8F1D42109D00480FCB /* Debug */ = {
			isa = XCBuildConfiguration;
			buildSettings = {
				ALWAYS_SEARCH_USER_PATHS = NO;
				CLANG_ANALYZER_NONNULL = YES;
				CLANG_CXX_LANGUAGE_STANDARD = "gnu++0x";
				CLANG_CXX_LIBRARY = "libc++";
				CLANG_ENABLE_MODULES = YES;
				CLANG_ENABLE_OBJC_ARC = YES;
				CLANG_WARN_BOOL_CONVERSION = YES;
				CLANG_WARN_CONSTANT_CONVERSION = YES;
				CLANG_WARN_DIRECT_OBJC_ISA_USAGE = YES_ERROR;
				CLANG_WARN_EMPTY_BODY = YES;
				CLANG_WARN_ENUM_CONVERSION = YES;
				CLANG_WARN_INT_CONVERSION = YES;
				CLANG_WARN_OBJC_ROOT_CLASS = YES_ERROR;
				CLANG_WARN_UNREACHABLE_CODE = YES;
				CLANG_WARN__DUPLICATE_METHOD_MATCH = YES;
				"CODE_SIGN_IDENTITY[sdk=iphoneos*]" = "iPhone Developer";
				COPY_PHASE_STRIP = NO;
				DEBUG_INFORMATION_FORMAT = dwarf;
				ENABLE_STRICT_OBJC_MSGSEND = YES;
				ENABLE_TESTABILITY = YES;
				GCC_C_LANGUAGE_STANDARD = gnu99;
				GCC_DYNAMIC_NO_PIC = NO;
				GCC_NO_COMMON_BLOCKS = YES;
				GCC_OPTIMIZATION_LEVEL = 0;
				GCC_PREPROCESSOR_DEFINITIONS = (
					"DEBUG=1",
					"$(inherited)",
				);
				GCC_WARN_64_TO_32_BIT_CONVERSION = YES;
				GCC_WARN_ABOUT_RETURN_TYPE = YES_ERROR;
				GCC_WARN_UNDECLARED_SELECTOR = YES;
				GCC_WARN_UNINITIALIZED_AUTOS = YES_AGGRESSIVE;
				GCC_WARN_UNUSED_FUNCTION = YES;
				GCC_WARN_UNUSED_VARIABLE = YES;
				IPHONEOS_DEPLOYMENT_TARGET = 9.3;
				MTL_ENABLE_DEBUG_INFO = YES;
				ONLY_ACTIVE_ARCH = YES;
				SDKROOT = iphoneos;
			};
			name = Debug;
		};
		3E537C901D42109D00480FCB /* Release */ = {
			isa = XCBuildConfiguration;
			buildSettings = {
				ALWAYS_SEARCH_USER_PATHS = NO;
				CLANG_ANALYZER_NONNULL = YES;
				CLANG_CXX_LANGUAGE_STANDARD = "gnu++0x";
				CLANG_CXX_LIBRARY = "libc++";
				CLANG_ENABLE_MODULES = YES;
				CLANG_ENABLE_OBJC_ARC = YES;
				CLANG_WARN_BOOL_CONVERSION = YES;
				CLANG_WARN_CONSTANT_CONVERSION = YES;
				CLANG_WARN_DIRECT_OBJC_ISA_USAGE = YES_ERROR;
				CLANG_WARN_EMPTY_BODY = YES;
				CLANG_WARN_ENUM_CONVERSION = YES;
				CLANG_WARN_INT_CONVERSION = YES;
				CLANG_WARN_OBJC_ROOT_CLASS = YES_ERROR;
				CLANG_WARN_UNREACHABLE_CODE = YES;
				CLANG_WARN__DUPLICATE_METHOD_MATCH = YES;
				"CODE_SIGN_IDENTITY[sdk=iphoneos*]" = "iPhone Developer";
				COPY_PHASE_STRIP = NO;
				DEBUG_INFORMATION_FORMAT = "dwarf-with-dsym";
				ENABLE_NS_ASSERTIONS = NO;
				ENABLE_STRICT_OBJC_MSGSEND = YES;
				GCC_C_LANGUAGE_STANDARD = gnu99;
				GCC_NO_COMMON_BLOCKS = YES;
				GCC_WARN_64_TO_32_BIT_CONVERSION = YES;
				GCC_WARN_ABOUT_RETURN_TYPE = YES_ERROR;
				GCC_WARN_UNDECLARED_SELECTOR = YES;
				GCC_WARN_UNINITIALIZED_AUTOS = YES_AGGRESSIVE;
				GCC_WARN_UNUSED_FUNCTION = YES;
				GCC_WARN_UNUSED_VARIABLE = YES;
				IPHONEOS_DEPLOYMENT_TARGET = 9.3;
				MTL_ENABLE_DEBUG_INFO = NO;
				SDKROOT = iphoneos;
				VALIDATE_PRODUCT = YES;
			};
			name = Release;
		};
		3E537C921D42109D00480FCB /* Debug */ = {
			isa = XCBuildConfiguration;
			buildSettings = {
				ASSETCATALOG_COMPILER_APPICON_NAME = AppIcon;
				INFOPLIST_FILE = "Demo大合集/Info.plist";
				IPHONEOS_DEPLOYMENT_TARGET = 9.3;
				LD_RUNPATH_SEARCH_PATHS = "$(inherited) @executable_path/Frameworks";
				PRODUCT_BUNDLE_IDENTIFIER = "com.515.Demo---";
				PRODUCT_NAME = "$(TARGET_NAME)";
			};
			name = Debug;
		};
		3E537C931D42109D00480FCB /* Release */ = {
			isa = XCBuildConfiguration;
			buildSettings = {
				ASSETCATALOG_COMPILER_APPICON_NAME = AppIcon;
				INFOPLIST_FILE = "Demo大合集/Info.plist";
				IPHONEOS_DEPLOYMENT_TARGET = 9.3;
				LD_RUNPATH_SEARCH_PATHS = "$(inherited) @executable_path/Frameworks";
				PRODUCT_BUNDLE_IDENTIFIER = "com.515.Demo---";
				PRODUCT_NAME = "$(TARGET_NAME)";
			};
			name = Release;
		};
/* End XCBuildConfiguration section */

/* Begin XCConfigurationList section */
		3E537C751D42109C00480FCB /* Build configuration list for PBXProject "Demo大合集" */ = {
			isa = XCConfigurationList;
			buildConfigurations = (
				3E537C8F1D42109D00480FCB /* Debug */,
				3E537C901D42109D00480FCB /* Release */,
			);
			defaultConfigurationIsVisible = 0;
			defaultConfigurationName = Release;
		};
		3E537C911D42109D00480FCB /* Build configuration list for PBXNativeTarget "Demo大合集" */ = {
			isa = XCConfigurationList;
			buildConfigurations = (
				3E537C921D42109D00480FCB /* Debug */,
				3E537C931D42109D00480FCB /* Release */,
			);
			defaultConfigurationIsVisible = 0;
			defaultConfigurationName = Release;
		};
/* End XCConfigurationList section */
	};
	rootObject = 3E537C721D42109C00480FCB /* Project object */;
}
